
Microsoft Visual Studio Solution File, Format Version 12.00
# Visual Studio Express 2012 for Windows Desktop
Project("{FAE04EC0-301F-11D3-BF4B-00C04F79EFBC}") = "RoboClean", "RoboClean\RoboClean.csproj", "{7276F4EF-2C13-4B27-BBC1-BC2C65B3BAF8}"
EndProject
Project("{FAE04EC0-301F-11D3-BF4B-00C04F79EFBC}") = "RoboClean.Client", "RoboClean.Client\RoboClean.Client.csproj", "{EA181214-1B3B-40E2-AE68-29932172B37D}"
EndProject
Project("{FAE04EC0-301F-11D3-BF4B-00C04F79EFBC}") = "RoboClean.Tests", "RoboClean.Tests\RoboClean.Tests.csproj", "{58211036-9089-4AD6-9E02-8A2878A3520B}"
EndProject
Global
	GlobalSection(SolutionConfigurationPlatforms) = preSolution
		Debug|Any CPU = Debug|Any CPU
		Release|Any CPU = Release|Any CPU
	EndGlobalSection
	GlobalSection(ProjectConfigurationPlatforms) = postSolution
		{7276F4EF-2C13-4B27-BBC1-BC2C65B3BAF8}.Debug|Any CPU.ActiveCfg = Debug|Any CPU
		{7276F4EF-2C13-4B27-BBC1-BC2C65B3BAF8}.Debug|Any CPU.Build.0 = Debug|Any CPU
		{7276F4EF-2C13-4B27-BBC1-BC2C65B3BAF8}.Release|Any CPU.ActiveCfg = Release|Any CPU
		{7276F4EF-2C13-4B27-BBC1-BC2C65B3BAF8}.Release|Any CPU.Build.0 = Release|Any CPU
		{EA181214-1B3B-40E2-AE68-29932172B37D}.Debug|Any CPU.ActiveCfg = Debug|Any CPU
		{EA181214-1B3B-40E2-AE68-29932172B37D}.Debug|Any CPU.Build.0 = Debug|Any CPU
		{EA181214-1B3B-40E2-AE68-29932172B37D}.Release|Any CPU.ActiveCfg = Release|Any CPU
		{EA181214-1B3B-40E2-AE68-29932172B37D}.Release|Any CPU.Build.0 = Release|Any CPU
		{58211036-9089-4AD6-9E02-8A2878A3520B}.Debug|Any CPU.ActiveCfg = Debug|Any CPU
		{58211036-9089-4AD6-9E02-8A2878A3520B}.Debug|Any CPU.Build.0 = Debug|Any CPU
		{58211036-9089-4AD6-9E02-8A2878A3520B}.Release|Any CPU.ActiveCfg = Release|Any CPU
		{58211036-9089-4AD6-9E02-8A2878A3520B}.Release|Any CPU.Build.0 = Release|Any CPU
	EndGlobalSection
	GlobalSection(SolutionProperties) = preSolution
		HideSolutionNode = FALSE
	EndGlobalSection
EndGlobal
